<?xml version="1.0" encoding="utf-8"?>
<Project ToolsVersion="4.0" xmlns="http://schemas.microsoft.com/developer/msbuild/2003">
  <ItemGroup>
    <Filter Include="Source Files">
      <UniqueIdentifier>{4FC737F1-C7A5-4376-A066-2A32D752A2FF}</UniqueIdentifier>
      <Extensions>cpp;c;cc;cxx;c++;cppm;ixx;def;odl;idl;hpj;bat;asm;asmx</Extensions>
    </Filter>
    <Filter Include="Header Files">
      <UniqueIdentifier>{93995380-89BD-4b04-88EB-625FBE52EBFB}</UniqueIdentifier>
      <Extensions>h;hh;hpp;hxx;h++;hm;inl;inc;ipp;xsd</Extensions>
    </Filter>
    <Filter Include="Resource Files">
      <UniqueIdentifier>{67DA6AB6-F800-4c08-8B7A-83BB121AAD01}</UniqueIdentifier>
      <Extensions>rc;ico;cur;bmp;dlg;rc2;rct;bin;rgs;gif;jpg;jpeg;jpe;resx;tiff;tif;png;wav;mfcribbon-ms</Extensions>
    </Filter>
  </ItemGroup>
  <ItemGroup>
    <ClCompile Include="src\externals\glad.c">
      <Filter>Source Files</Filter>
    </ClCompile>
    <ClCompile Include="src\classes\shader\shader.cpp">
      <Filter>Source Files</Filter>
    </ClCompile>
    <ClCompile Include="src\externals\stb_image.cpp">
      <Filter>Source Files</Filter>
    </ClCompile>
    <ClCompile Include="src\main.cpp">
      <Filter>Source Files</Filter>
    </ClCompile>
    <ClCompile Include="src\classes\shapes\triangle.cpp">
      <Filter>Source Files</Filter>
    </ClCompile>
    <ClCompile Include="src\classes\shapes\circle.cpp">
      <Filter>Source Files</Filter>
    </ClCompile>
    <ClCompile Include="src\classes\shapes\square.cpp">
      <Filter>Source Files</Filter>
    </ClCompile>
    <ClCompile Include="src\classes\engine.cpp">
      <Filter>Source Files</Filter>
    </ClCompile>
    <ClCompile Include="src\classes\meep\food.cpp">
      <Filter>Source Files</Filter>
    </ClCompile>
    <ClCompile Include="src\classes\meep\meep.cpp">
      <Filter>Source Files</Filter>
    </ClCompile>
  </ItemGroup>
  <ItemGroup>
    <ClInclude Include="src\classes\shader\shader.hpp">
      <Filter>Header Files</Filter>
    </ClInclude>
    <ClInclude Include="src\externals\stb_image.h">
      <Filter>Header Files</Filter>
    </ClInclude>
    <ClInclude Include="src\classes\shapes\triangle.hpp">
      <Filter>Header Files</Filter>
    </ClInclude>
    <ClInclude Include="src\classes\renderer.hpp">
      <Filter>Header Files</Filter>
    </ClInclude>
    <ClInclude Include="src\classes\engine.hpp">
      <Filter>Header Files</Filter>
    </ClInclude>
    <ClInclude Include="src\classes\meep\meep.hpp">
      <Filter>Header Files</Filter>
    </ClInclude>
    <ClInclude Include="src\classes\shapes\circle.hpp">
      <Filter>Header Files</Filter>
    </ClInclude>
    <ClInclude Include="src\classes\shapes\general.hpp">
      <Filter>Header Files</Filter>
    </ClInclude>
    <ClInclude Include="src\classes\meep\food.hpp">
      <Filter>Header Files</Filter>
    </ClInclude>
    <ClInclude Include="src\classes\entity.hpp">
      <Filter>Header Files</Filter>
    </ClInclude>
    <ClInclude Include="src\classes\timer.hpp">
      <Filter>Header Files</Filter>
    </ClInclude>
    <ClInclude Include="src\classes\random.hpp">
      <Filter>Header Files</Filter>
    </ClInclude>
    <ClInclude Include="src\classes\shapes\square.hpp">
      <Filter>Header Files</Filter>
    </ClInclude>
    <ClInclude Include="src\classes\shapes\shapes.hpp">
      <Filter>Header Files</Filter>
    </ClInclude>
    <ClInclude Include="src\classes\shapes\rectangle.hpp">
      <Filter>Header Files</Filter>
    </ClInclude>
    <ClInclude Include="src\classes\text.hpp">
      <Filter>Header Files</Filter>
    </ClInclude>
    <ClInclude Include="src\classes\status_bar.hpp">
      <Filter>Header Files</Filter>
    </ClInclude>
    <ClInclude Include="src\classes\math\distances.hpp">
      <Filter>Header Files</Filter>
    </ClInclude>
  </ItemGroup>
  <ItemGroup>
    <None Include="src\shaders\transformation.vs" />
    <None Include="src\shaders\solid_colour.fs" />
    <None Include="src\shaders\food_fragment.fs" />
    <None Include="src\shaders\meep_fragment.fs" />
    <None Include="src\shaders\text.vs" />
    <None Include="src\shaders\text.fs" />
  </ItemGroup>
  <ItemGroup>
    <Font Include="src\fonts\arial.ttf" />
  </ItemGroup>
</Project>